
Microsoft Visual Studio Solution File, Format Version 12.00
# Visual Studio 14
VisualStudioVersion = 14.0.25420.1
MinimumVisualStudioVersion = 10.0.40219.1
Project("{F184B08F-C81C-45F6-A57F-5ABD9991F28F}") = "GSWEB", "GSWEB\GSWEB.vbproj", "{5BF8161B-A773-408D-8390-8A04DD53F4E6}"
EndProject
Project("{E24C65DC-7377-472B-9ABA-BC803B73C61A}") = "InSysWeb", "http://localhost:5162", "{A94EFC58-2836-4FA6-88B1-F2076687191B}"
	ProjectSection(WebsiteProperties) = preProject
		SccProjectName = "SAK"
		SccAuxPath = "SAK"
		SccLocalPath = "SAK"
		SccProvider = "SAK"
		UseIISExpress = "true"
		TargetFrameworkMoniker = ".NETFramework,Version%3Dv4.5.1"
		ProjectReferences = "{5bf8161b-a773-408d-8390-8a04dd53f4e6}|GSWEB.dll;"
		Debug.AspNetCompiler.VirtualPath = "/localhost_5162"
		Debug.AspNetCompiler.PhysicalPath = "InSysWeb\"
		Debug.AspNetCompiler.TargetPath = "PrecompiledWeb\localhost_5162\"
		Debug.AspNetCompiler.Updateable = "true"
		Debug.AspNetCompiler.ForceOverwrite = "true"
		Debug.AspNetCompiler.FixedNames = "false"
		Debug.AspNetCompiler.Debug = "True"
		Release.AspNetCompiler.VirtualPath = "/localhost_5162"
		Release.AspNetCompiler.PhysicalPath = "InSysWeb\"
		Release.AspNetCompiler.TargetPath = "PrecompiledWeb\localhost_5162\"
		Release.AspNetCompiler.Updateable = "true"
		Release.AspNetCompiler.ForceOverwrite = "true"
		Release.AspNetCompiler.FixedNames = "false"
		Release.AspNetCompiler.Debug = "False"
		SlnRelativePath = "InSysWeb\"
		DefaultWebSiteLanguage = "Visual Basic"
	EndProjectSection
EndProject
Global
	GlobalSection(SolutionConfigurationPlatforms) = preSolution
		Debug|Any CPU = Debug|Any CPU
		Release|Any CPU = Release|Any CPU
	EndGlobalSection
	GlobalSection(ProjectConfigurationPlatforms) = postSolution
		{5BF8161B-A773-408D-8390-8A04DD53F4E6}.Debug|Any CPU.ActiveCfg = Debug|Any CPU
		{5BF8161B-A773-408D-8390-8A04DD53F4E6}.Debug|Any CPU.Build.0 = Debug|Any CPU
		{5BF8161B-A773-408D-8390-8A04DD53F4E6}.Release|Any CPU.ActiveCfg = Release|Any CPU
		{5BF8161B-A773-408D-8390-8A04DD53F4E6}.Release|Any CPU.Build.0 = Release|Any CPU
		{A94EFC58-2836-4FA6-88B1-F2076687191B}.Debug|Any CPU.ActiveCfg = Debug|Any CPU
		{A94EFC58-2836-4FA6-88B1-F2076687191B}.Debug|Any CPU.Build.0 = Debug|Any CPU
		{A94EFC58-2836-4FA6-88B1-F2076687191B}.Release|Any CPU.ActiveCfg = Debug|Any CPU
		{A94EFC58-2836-4FA6-88B1-F2076687191B}.Release|Any CPU.Build.0 = Debug|Any CPU
	EndGlobalSection
	GlobalSection(SolutionProperties) = preSolution
		HideSolutionNode = FALSE
	EndGlobalSection
	GlobalSection(TeamFoundationVersionControl) = preSolution
		SccNumberOfProjects = 3
		SccEnterpriseProvider = {4CA58AB2-18FA-4F8D-95D4-32DDF27D184C}
		SccTeamFoundationServer = http://192.168.100.26:8080/tfs/web%20ions%20project
		SccLocalPath0 = .
		SccProjectUniqueName1 = GSWEB\\GSWEB.vbproj
		SccProjectName1 = GSWEB
		SccLocalPath1 = GSWEB
		SccWebProject2 = true
		SccProjectUniqueName2 = http://localhost:5162
		SccProjectName2 = InSysWeb
		SccLocalPath2 = InSysWeb
		SccProjectEnlistmentChoice2 = 2
	EndGlobalSection
EndGlobal
